// !$*UTF8*$!
{
	archiveVersion = 1;
	classes = {
	};
	objectVersion = 56;
	objects = {

/* Begin PBXBuildFile section */
		5837CD472C3831400090B0AC /* KcalDishApp.swift in Sources */ = {isa = PBXBuildFile; fileRef = 5837CD462C3831400090B0AC /* KcalDishApp.swift */; };
		5837CD492C3831400090B0AC /* ContentView.swift in Sources */ = {isa = PBXBuildFile; fileRef = 5837CD482C3831400090B0AC /* ContentView.swift */; };
		5837CD4B2C3831400090B0AC /* Assets.xcassets in Resources */ = {isa = PBXBuildFile; fileRef = 5837CD4A2C3831400090B0AC /* Assets.xcassets */; };
		5837CD4E2C3831400090B0AC /* Preview Assets.xcassets in Resources */ = {isa = PBXBuildFile; fileRef = 5837CD4D2C3831400090B0AC /* Preview Assets.xcassets */; };
		5837CD552C39295A0090B0AC /* Nutrition.swift in Sources */ = {isa = PBXBuildFile; fileRef = 5837CD542C39295A0090B0AC /* Nutrition.swift */; };
		5837CD572C3940FC0090B0AC /* DataStore.swift in Sources */ = {isa = PBXBuildFile; fileRef = 5837CD562C3940FC0090B0AC /* DataStore.swift */; };
		5837CD592C39464C0090B0AC /* StartView.swift in Sources */ = {isa = PBXBuildFile; fileRef = 5837CD582C39464C0090B0AC /* StartView.swift */; };
		5837CD5B2C39466E0090B0AC /* CookBookView.swift in Sources */ = {isa = PBXBuildFile; fileRef = 5837CD5A2C39466E0090B0AC /* CookBookView.swift */; };
		5837CD5D2C394C000090B0AC /* DishInformationView.swift in Sources */ = {isa = PBXBuildFile; fileRef = 5837CD5C2C394C000090B0AC /* DishInformationView.swift */; };
/* End PBXBuildFile section */

/* Begin PBXFileReference section */
		5837CD432C3831400090B0AC /* KcalDish.app */ = {isa = PBXFileReference; explicitFileType = wrapper.application; includeInIndex = 0; path = KcalDish.app; sourceTree = BUILT_PRODUCTS_DIR; };
		5837CD462C3831400090B0AC /* KcalDishApp.swift */ = {isa = PBXFileReference; lastKnownFileType = sourcecode.swift; path = KcalDishApp.swift; sourceTree = "<group>"; };
		5837CD482C3831400090B0AC /* ContentView.swift */ = {isa = PBXFileReference; lastKnownFileType = sourcecode.swift; path = ContentView.swift; sourceTree = "<group>"; };
		5837CD4A2C3831400090B0AC /* Assets.xcassets */ = {isa = PBXFileReference; lastKnownFileType = folder.assetcatalog; path = Assets.xcassets; sourceTree = "<group>"; };
		5837CD4D2C3831400090B0AC /* Preview Assets.xcassets */ = {isa = PBXFileReference; lastKnownFileType = folder.assetcatalog; path = "Preview Assets.xcassets"; sourceTree = "<group>"; };
		5837CD542C39295A0090B0AC /* Nutrition.swift */ = {isa = PBXFileReference; lastKnownFileType = sourcecode.swift; path = Nutrition.swift; sourceTree = "<group>"; };
		5837CD562C3940FC0090B0AC /* DataStore.swift */ = {isa = PBXFileReference; lastKnownFileType = sourcecode.swift; path = DataStore.swift; sourceTree = "<group>"; };
		5837CD582C39464C0090B0AC /* StartView.swift */ = {isa = PBXFileReference; lastKnownFileType = sourcecode.swift; path = StartView.swift; sourceTree = "<group>"; };
		5837CD5A2C39466E0090B0AC /* CookBookView.swift */ = {isa = PBXFileReference; lastKnownFileType = sourcecode.swift; path = CookBookView.swift; sourceTree = "<group>"; };
		5837CD5C2C394C000090B0AC /* DishInformationView.swift */ = {isa = PBXFileReference; lastKnownFileType = sourcecode.swift; path = DishInformationView.swift; sourceTree = "<group>"; };
/* End PBXFileReference section */

/* Begin PBXFrameworksBuildPhase section */
		5837CD402C3831400090B0AC /* Frameworks */ = {
			isa = PBXFrameworksBuildPhase;
			buildActionMask = 2147483647;
			files = (
			);
			runOnlyForDeploymentPostprocessing = 0;
		};
/* End PBXFrameworksBuildPhase section */

/* Begin PBXGroup section */
		5837CD3A2C3831400090B0AC = {
			isa = PBXGroup;
			children = (
				5837CD452C3831400090B0AC /* KcalDish */,
				5837CD442C3831400090B0AC /* Products */,
			);
			sourceTree = "<group>";
		};
		5837CD442C3831400090B0AC /* Products */ = {
			isa = PBXGroup;
			children = (
				5837CD432C3831400090B0AC /* KcalDish.app */,
			);
			name = Products;
			sourceTree = "<group>";
		};
		5837CD452C3831400090B0AC /* KcalDish */ = {
			isa = PBXGroup;
			children = (
				5837CD462C3831400090B0AC /* KcalDishApp.swift */,
				5837CD482C3831400090B0AC /* ContentView.swift */,
				5837CD582C39464C0090B0AC /* StartView.swift */,
				5837CD5A2C39466E0090B0AC /* CookBookView.swift */,
				5837CD5C2C394C000090B0AC /* DishInformationView.swift */,
				5837CD542C39295A0090B0AC /* Nutrition.swift */,
				5837CD562C3940FC0090B0AC /* DataStore.swift */,
				5837CD4A2C3831400090B0AC /* Assets.xcassets */,
				5837CD4C2C3831400090B0AC /* Preview Content */,
			);
			path = KcalDish;
			sourceTree = "<group>";
		};
		5837CD4C2C3831400090B0AC /* Preview Content */ = {
			isa = PBXGroup;
			children = (
				5837CD4D2C3831400090B0AC /* Preview Assets.xcassets */,
			);
			path = "Preview Content";
			sourceTree = "<group>";
		};
/* End PBXGroup section */

/* Begin PBXNativeTarget section */
		5837CD422C3831400090B0AC /* KcalDish */ = {
			isa = PBXNativeTarget;
			buildConfigurationList = 5837CD512C3831400090B0AC /* Build configuration list for PBXNativeTarget "KcalDish" */;
			buildPhases = (
				5837CD3F2C3831400090B0AC /* Sources */,
				5837CD402C3831400090B0AC /* Frameworks */,
				5837CD412C3831400090B0AC /* Resources */,
			);
			buildRules = (
			);
			dependencies = (
			);
			name = KcalDish;
			productName = KcalDish;
			productReference = 5837CD432C3831400090B0AC /* KcalDish.app */;
			productType = "com.apple.product-type.application";
		};
/* End PBXNativeTarget section */

/* Begin PBXProject section */
		5837CD3B2C3831400090B0AC /* Project object */ = {
			isa = PBXProject;
			attributes = {
				BuildIndependentTargetsInParallel = 1;
				LastSwiftUpdateCheck = 1540;
				LastUpgradeCheck = 1540;
				TargetAttributes = {
					5837CD422C3831400090B0AC = {
						CreatedOnToolsVersion = 15.4;
					};
				};
			};
			buildConfigurationList = 5837CD3E2C3831400090B0AC /* Build configuration list for PBXProject "KcalDish" */;
			compatibilityVersion = "Xcode 14.0";
			developmentRegion = en;
			hasScannedForEncodings = 0;
			knownRegions = (
				en,
				Base,
			);
			mainGroup = 5837CD3A2C3831400090B0AC;
			productRefGroup = 5837CD442C3831400090B0AC /* Products */;
			projectDirPath = "";
			projectRoot = "";
			targets = (
				5837CD422C3831400090B0AC /* KcalDish */,
			);
		};
/* End PBXProject section */

/* Begin PBXResourcesBuildPhase section */
		5837CD412C3831400090B0AC /* Resources */ = {
			isa = PBXResourcesBuildPhase;
			buildActionMask = 2147483647;
			files = (
				5837CD4E2C3831400090B0AC /* Preview Assets.xcassets in Resources */,
				5837CD4B2C3831400090B0AC /* Assets.xcassets in Resources */,
			);
			runOnlyForDeploymentPostprocessing = 0;
		};
/* End PBXResourcesBuildPhase section */

/* Begin PBXSourcesBuildPhase section */
		5837CD3F2C3831400090B0AC /* Sources */ = {
			isa = PBXSourcesBuildPhase;
			buildActionMask = 2147483647;
			files = (
				5837CD492C3831400090B0AC /* ContentView.swift in Sources */,
				5837CD592C39464C0090B0AC /* StartView.swift in Sources */,
				5837CD572C3940FC0090B0AC /* DataStore.swift in Sources */,
				5837CD5D2C394C000090B0AC /* DishInformationView.swift in Sources */,
				5837CD5B2C39466E0090B0AC /* CookBookView.swift in Sources */,
				5837CD472C3831400090B0AC /* KcalDishApp.swift in Sources */,
				5837CD552C39295A0090B0AC /* Nutrition.swift in Sources */,
			);
			runOnlyForDeploymentPostprocessing = 0;
		};
/* End PBXSourcesBuildPhase section */

/* Begin XCBuildConfiguration section */
		5837CD4F2C3831400090B0AC /* Debug */ = {
			isa = XCBuildConfiguration;
			buildSettings = {
				ALWAYS_SEARCH_USER_PATHS = NO;
				ASSETCATALOG_COMPILER_GENERATE_SWIFT_ASSET_SYMBOL_EXTENSIONS = YES;
				CLANG_ANALYZER_NONNULL = YES;
				CLANG_ANALYZER_NUMBER_OBJECT_CONVERSION = YES_AGGRESSIVE;
				CLANG_CXX_LANGUAGE_STANDARD = "gnu++20";
				CLANG_ENABLE_MODULES = YES;
				CLANG_ENABLE_OBJC_ARC = YES;
				CLANG_ENABLE_OBJC_WEAK = YES;
				CLANG_WARN_BLOCK_CAPTURE_AUTORELEASING = YES;
				CLANG_WARN_BOOL_CONVERSION = YES;
				CLANG_WARN_COMMA = YES;
				CLANG_WARN_CONSTANT_CONVERSION = YES;
				CLANG_WARN_DEPRECATED_OBJC_IMPLEMENTATIONS = YES;
				CLANG_WARN_DIRECT_OBJC_ISA_USAGE = YES_ERROR;
				CLANG_WARN_DOCUMENTATION_COMMENTS = YES;
				CLANG_WARN_EMPTY_BODY = YES;
				CLANG_WARN_ENUM_CONVERSION = YES;
				CLANG_WARN_INFINITE_RECURSION = YES;
				CLANG_WARN_INT_CONVERSION = YES;
				CLANG_WARN_NON_LITERAL_NULL_CONVERSION = YES;
				CLANG_WARN_OBJC_IMPLICIT_RETAIN_SELF = YES;
				CLANG_WARN_OBJC_LITERAL_CONVERSION = YES;
				CLANG_WARN_OBJC_ROOT_CLASS = YES_ERROR;
				CLANG_WARN_QUOTED_INCLUDE_IN_FRAMEWORK_HEADER = YES;
				CLANG_WARN_RANGE_LOOP_ANALYSIS = YES;
				CLANG_WARN_STRICT_PROTOTYPES = YES;
				CLANG_WARN_SUSPICIOUS_MOVE = YES;
				CLANG_WARN_UNGUARDED_AVAILABILITY = YES_AGGRESSIVE;
				CLANG_WARN_UNREACHABLE_CODE = YES;
				CLANG_WARN__DUPLICATE_METHOD_MATCH = YES;
				COPY_PHASE_STRIP = NO;
				DEBUG_INFORMATION_FORMAT = dwarf;
				ENABLE_STRICT_OBJC_MSGSEND = YES;
				ENABLE_TESTABILITY = YES;
				ENABLE_USER_SCRIPT_SANDBOXING = YES;
				GCC_C_LANGUAGE_STANDARD = gnu17;
				GCC_DYNAMIC_NO_PIC = NO;
				GCC_NO_COMMON_BLOCKS = YES;
				GCC_OPTIMIZATION_LEVEL = 0;
				GCC_PREPROCESSOR_DEFINITIONS = (
					"DEBUG=1",
					"$(inherited)",
				);
				GCC_WARN_64_TO_32_BIT_CONVERSION = YES;
				GCC_WARN_ABOUT_RETURN_TYPE = YES_ERROR;
				GCC_WARN_UNDECLARED_SELECTOR = YES;
				GCC_WARN_UNINITIALIZED_AUTOS = YES_AGGRESSIVE;
				GCC_WARN_UNUSED_FUNCTION = YES;
				GCC_WARN_UNUSED_VARIABLE = YES;
				IPHONEOS_DEPLOYMENT_TARGET = 17.5;
				LOCALIZATION_PREFERS_STRING_CATALOGS = YES;
				MTL_ENABLE_DEBUG_INFO = INCLUDE_SOURCE;
				MTL_FAST_MATH = YES;
				ONLY_ACTIVE_ARCH = YES;
				SDKROOT = iphoneos;
				SWIFT_ACTIVE_COMPILATION_CONDITIONS = "DEBUG $(inherited)";
				SWIFT_OPTIMIZATION_LEVEL = "-Onone";
			};
			name = Debug;
		};
		5837CD502C3831400090B0AC /* Release */ = {
			isa = XCBuildConfiguration;
			buildSettings = {
				ALWAYS_SEARCH_USER_PATHS = NO;
				ASSETCATALOG_COMPILER_GENERATE_SWIFT_ASSET_SYMBOL_EXTENSIONS = YES;
				CLANG_ANALYZER_NONNULL = YES;
				CLANG_ANALYZER_NUMBER_OBJECT_CONVERSION = YES_AGGRESSIVE;
				CLANG_CXX_LANGUAGE_STANDARD = "gnu++20";
				CLANG_ENABLE_MODULES = YES;
				CLANG_ENABLE_OBJC_ARC = YES;
				CLANG_ENABLE_OBJC_WEAK = YES;
				CLANG_WARN_BLOCK_CAPTURE_AUTORELEASING = YES;
				CLANG_WARN_BOOL_CONVERSION = YES;
				CLANG_WARN_COMMA = YES;
				CLANG_WARN_CONSTANT_CONVERSION = YES;
				CLANG_WARN_DEPRECATED_OBJC_IMPLEMENTATIONS = YES;
				CLANG_WARN_DIRECT_OBJC_ISA_USAGE = YES_ERROR;
				CLANG_WARN_DOCUMENTATION_COMMENTS = YES;
				CLANG_WARN_EMPTY_BODY = YES;
				CLANG_WARN_ENUM_CONVERSION = YES;
				CLANG_WARN_INFINITE_RECURSION = YES;
				CLANG_WARN_INT_CONVERSION = YES;
				CLANG_WARN_NON_LITERAL_NULL_CONVERSION = YES;
				CLANG_WARN_OBJC_IMPLICIT_RETAIN_SELF = YES;
				CLANG_WARN_OBJC_LITERAL_CONVERSION = YES;
				CLANG_WARN_OBJC_ROOT_CLASS = YES_ERROR;
				CLANG_WARN_QUOTED_INCLUDE_IN_FRAMEWORK_HEADER = YES;
				CLANG_WARN_RANGE_LOOP_ANALYSIS = YES;
				CLANG_WARN_STRICT_PROTOTYPES = YES;
				CLANG_WARN_SUSPICIOUS_MOVE = YES;
				CLANG_WARN_UNGUARDED_AVAILABILITY = YES_AGGRESSIVE;
				CLANG_WARN_UNREACHABLE_CODE = YES;
				CLANG_WARN__DUPLICATE_METHOD_MATCH = YES;
				COPY_PHASE_STRIP = NO;
				DEBUG_INFORMATION_FORMAT = "dwarf-with-dsym";
				ENABLE_NS_ASSERTIONS = NO;
				ENABLE_STRICT_OBJC_MSGSEND = YES;
				ENABLE_USER_SCRIPT_SANDBOXING = YES;
				GCC_C_LANGUAGE_STANDARD = gnu17;
				GCC_NO_COMMON_BLOCKS = YES;
				GCC_WARN_64_TO_32_BIT_CONVERSION = YES;
				GCC_WARN_ABOUT_RETURN_TYPE = YES_ERROR;
				GCC_WARN_UNDECLARED_SELECTOR = YES;
				GCC_WARN_UNINITIALIZED_AUTOS = YES_AGGRESSIVE;
				GCC_WARN_UNUSED_FUNCTION = YES;
				GCC_WARN_UNUSED_VARIABLE = YES;
				IPHONEOS_DEPLOYMENT_TARGET = 17.5;
				LOCALIZATION_PREFERS_STRING_CATALOGS = YES;
				MTL_ENABLE_DEBUG_INFO = NO;
				MTL_FAST_MATH = YES;
				SDKROOT = iphoneos;
				SWIFT_COMPILATION_MODE = wholemodule;
				VALIDATE_PRODUCT = YES;
			};
			name = Release;
		};
		5837CD522C3831400090B0AC /* Debug */ = {
			isa = XCBuildConfiguration;
			buildSettings = {
				ASSETCATALOG_COMPILER_APPICON_NAME = AppIcon;
				ASSETCATALOG_COMPILER_GLOBAL_ACCENT_COLOR_NAME = AccentColor;
				CODE_SIGN_STYLE = Automatic;
				CURRENT_PROJECT_VERSION = 1;
				DEVELOPMENT_ASSET_PATHS = "\"KcalDish/Preview Content\"";
				DEVELOPMENT_TEAM = 2P5N39CTA7;
				ENABLE_PREVIEWS = YES;
				GENERATE_INFOPLIST_FILE = YES;
				INFOPLIST_KEY_UIApplicationSceneManifest_Generation = YES;
				INFOPLIST_KEY_UIApplicationSupportsIndirectInputEvents = YES;
				INFOPLIST_KEY_UILaunchScreen_Generation = YES;
				INFOPLIST_KEY_UISupportedInterfaceOrientations_iPad = "UIInterfaceOrientationPortrait UIInterfaceOrientationPortraitUpsideDown UIInterfaceOrientationLandscapeLeft UIInterfaceOrientationLandscapeRight";
				INFOPLIST_KEY_UISupportedInterfaceOrientations_iPhone = "UIInterfaceOrientationPortrait UIInterfaceOrientationLandscapeLeft UIInterfaceOrientationLandscapeRight";
				LD_RUNPATH_SEARCH_PATHS = (
					"$(inherited)",
					"@executable_path/Frameworks",
				);
				MARKETING_VERSION = 1.0;
				PRODUCT_BUNDLE_IDENTIFIER = vladisrud.KcalDish;
				PRODUCT_NAME = "$(TARGET_NAME)";
				SWIFT_EMIT_LOC_STRINGS = YES;
				SWIFT_VERSION = 5.0;
				TARGETED_DEVICE_FAMILY = "1,2";
			};
			name = Debug;
		};
		5837CD532C3831400090B0AC /* Release */ = {
			isa = XCBuildConfiguration;
			buildSettings = {
				ASSETCATALOG_COMPILER_APPICON_NAME = AppIcon;
				ASSETCATALOG_COMPILER_GLOBAL_ACCENT_COLOR_NAME = AccentColor;
				CODE_SIGN_STYLE = Automatic;
				CURRENT_PROJECT_VERSION = 1;
				DEVELOPMENT_ASSET_PATHS = "\"KcalDish/Preview Content\"";
				DEVELOPMENT_TEAM = 2P5N39CTA7;
				ENABLE_PREVIEWS = YES;
				GENERATE_INFOPLIST_FILE = YES;
				INFOPLIST_KEY_UIApplicationSceneManifest_Generation = YES;
				INFOPLIST_KEY_UIApplicationSupportsIndirectInputEvents = YES;
				INFOPLIST_KEY_UILaunchScreen_Generation = YES;
				INFOPLIST_KEY_UISupportedInterfaceOrientations_iPad = "UIInterfaceOrientationPortrait UIInterfaceOrientationPortraitUpsideDown UIInterfaceOrientationLandscapeLeft UIInterfaceOrientationLandscapeRight";
				INFOPLIST_KEY_UISupportedInterfaceOrientations_iPhone = "UIInterfaceOrientationPortrait UIInterfaceOrientationLandscapeLeft UIInterfaceOrientationLandscapeRight";
				LD_RUNPATH_SEARCH_PATHS = (
					"$(inherited)",
					"@executable_path/Frameworks",
				);
				MARKETING_VERSION = 1.0;
				PRODUCT_BUNDLE_IDENTIFIER = vladisrud.KcalDish;
				PRODUCT_NAME = "$(TARGET_NAME)";
				SWIFT_EMIT_LOC_STRINGS = YES;
				SWIFT_VERSION = 5.0;
				TARGETED_DEVICE_FAMILY = "1,2";
			};
			name = Release;
		};
/* End XCBuildConfiguration section */

/* Begin XCConfigurationList section */
		5837CD3E2C3831400090B0AC /* Build configuration list for PBXProject "KcalDish" */ = {
			isa = XCConfigurationList;
			buildConfigurations = (
				5837CD4F2C3831400090B0AC /* Debug */,
				5837CD502C3831400090B0AC /* Release */,
			);
			defaultConfigurationIsVisible = 0;
			defaultConfigurationName = Release;
		};
		5837CD512C3831400090B0AC /* Build configuration list for PBXNativeTarget "KcalDish" */ = {
			isa = XCConfigurationList;
			buildConfigurations = (
				5837CD522C3831400090B0AC /* Debug */,
				5837CD532C3831400090B0AC /* Release */,
			);
			defaultConfigurationIsVisible = 0;
			defaultConfigurationName = Release;
		};
/* End XCConfigurationList section */
	};
	rootObject = 5837CD3B2C3831400090B0AC /* Project object */;
}
